%{"combine": {:hex, :combine, "0.9.2", "cd3c8721f378ebe032487d8a4fa2ced3181a456a3c21b16464da8c46904bb552", [:mix], []},
  "gettext": {:hex, :gettext, "0.11.0", "80c1dd42d270482418fa158ec5ba073d2980e3718bacad86f3d4ad71d5667679", [:mix], []},
  "hackney": {:hex, :hackney, "1.0.6", "edfabd6f03d7bb2aa224a438b2bd6295faf6df5fd3aeafad7a78cdae41252cde", [:make, :rebar], [{:idna, "1.0.2", [hex: :idna, optional: false]}, {:ssl_verify_hostname, "1.0.1", [hex: :ssl_verify_hostname, optional: false]}]},
  "httpoison": {:hex, :httpoison, "0.6.2"},
  "httpotion": {:hex, :httpotion, "3.0.1", "6165e7fe4052dfeadd4b480e4ed6619975242ac91d577e4868af92613f9e99df", [:mix], [{:ibrowse, "~> 4.2", [hex: :ibrowse, optional: false]}]},
  "ibrowse": {:git, "https://github.com/cmullaparthi/ibrowse.git", "ea3305d21f37eced4fac290f64b068e56df7de80", [tag: "v4.1.2"]},
  "idna": {:hex, :idna, "1.0.2", "397e3d001c002319da75759b0a81156bf11849c71d565162436d50020cb7265e", [:make], []},
  "poison": {:hex, :poison, "1.5.0", "f2f4f460623a6f154683abae34352525e1d918380267cdbd949a07ba57503248", [:mix], []},
  "ssl_verify_hostname": {:hex, :ssl_verify_hostname, "1.0.1", "e6ef428c350d1b7e9c534c0929caae1ecb47c22f88cbbb880e07e46918380cc5", [:make], []},
  "timex": {:hex, :timex, "2.2.1", "0d69012a7fd69f4cbdaa00cc5f2a5f30f1bed56072fb362ed4bddf60db343022", [:mix], [{:combine, "~> 0.7", [hex: :combine, optional: false]}, {:gettext, "~> 0.10", [hex: :gettext, optional: false]}, {:tzdata, "~> 0.1.8 or ~> 0.5", [hex: :tzdata, optional: false]}]},
  "tzdata": {:hex, :tzdata, "0.5.9", "575be217b039057a47e133b72838cbe104fb5329b19906ea4e66857001c37edb", [:mix], [{:hackney, "~> 1.0", [hex: :hackney, optional: false]}]}}
